<?xml version="1.0" encoding="utf-8"?>
<Project ToolsVersion="4.0" xmlns="http://schemas.microsoft.com/developer/msbuild/2003">
  <ItemGroup>
    <ClCompile Include="..\..\Tools\Parser\BidiBrackets.cpp" />
    <ClCompile Include="..\..\Tools\Parser\BidiCharacterTest.cpp" />
    <ClCompile Include="..\..\Tools\Parser\BidiMirroring.cpp" />
    <ClCompile Include="..\..\Tools\Parser\BidiTest.cpp" />
    <ClCompile Include="..\..\Tools\Parser\DerivedBidiClass.cpp" />
    <ClCompile Include="..\..\Tools\Parser\PropertyValueAliases.cpp" />
    <ClCompile Include="..\..\Tools\Parser\Scripts.cpp" />
    <ClCompile Include="..\..\Tools\Parser\UnicodeData.cpp" />
    <ClCompile Include="..\..\Tools\Parser\UnicodeVersion.cpp" />
  </ItemGroup>
  <ItemGroup>
    <ClInclude Include="..\..\Tools\Parser\BidiBrackets.h" />
    <ClInclude Include="..\..\Tools\Parser\BidiCharacterTest.h" />
    <ClInclude Include="..\..\Tools\Parser\BidiMirroring.h" />
    <ClInclude Include="..\..\Tools\Parser\BidiTest.h" />
    <ClInclude Include="..\..\Tools\Parser\DerivedBidiClass.h" />
    <ClInclude Include="..\..\Tools\Parser\PropertyValueAliases.h" />
    <ClInclude Include="..\..\Tools\Parser\Scripts.h" />
    <ClInclude Include="..\..\Tools\Parser\UnicodeData.h" />
    <ClInclude Include="..\..\Tools\Parser\UnicodeVersion.h" />
  </ItemGroup>
</Project>