<?xml version="1.0" encoding="utf-8"?>
<Project ToolsVersion="4.0" xmlns="http://schemas.microsoft.com/developer/msbuild/2003">
  <ItemGroup>
    <Filter Include="Headers">
      <UniqueIdentifier>{2eb006c4-a3e3-4fa1-a4f8-8a9c14f5f854}</UniqueIdentifier>
    </Filter>
    <Filter Include="Source">
      <UniqueIdentifier>{5a2c2db0-1d28-4bfe-a472-052279f634f4}</UniqueIdentifier>
    </Filter>
  </ItemGroup>
  <ItemGroup>
    <ClInclude Include="..\..\Headers\SBAlgorithm.h">
      <Filter>Headers</Filter>
    </ClInclude>
    <ClInclude Include="..\..\Headers\SBBase.h">
      <Filter>Headers</Filter>
    </ClInclude>
    <ClInclude Include="..\..\Headers\SBBidiType.h">
      <Filter>Headers</Filter>
    </ClInclude>
    <ClInclude Include="..\..\Headers\SBCodepoint.h">
      <Filter>Headers</Filter>
    </ClInclude>
    <ClInclude Include="..\..\Headers\SBCodepointSequence.h">
      <Filter>Headers</Filter>
    </ClInclude>
    <ClInclude Include="..\..\Headers\SBConfig.h">
      <Filter>Headers</Filter>
    </ClInclude>
    <ClInclude Include="..\..\Headers\SBGeneralCategory.h">
      <Filter>Headers</Filter>
    </ClInclude>
    <ClInclude Include="..\..\Headers\SBLine.h">
      <Filter>Headers</Filter>
    </ClInclude>
    <ClInclude Include="..\..\Headers\SBMirrorLocator.h">
      <Filter>Headers</Filter>
    </ClInclude>
    <ClInclude Include="..\..\Headers\SBParagraph.h">
      <Filter>Headers</Filter>
    </ClInclude>
    <ClInclude Include="..\..\Headers\SBRun.h">
      <Filter>Headers</Filter>
    </ClInclude>
    <ClInclude Include="..\..\Headers\SBScript.h">
      <Filter>Headers</Filter>
    </ClInclude>
    <ClInclude Include="..\..\Headers\SBScriptLocator.h">
      <Filter>Headers</Filter>
    </ClInclude>
    <ClInclude Include="..\..\Headers\SheenBidi.h">
      <Filter>Headers</Filter>
    </ClInclude>
    <ClInclude Include="..\..\Source\BidiChain.h">
      <Filter>Source</Filter>
    </ClInclude>
    <ClInclude Include="..\..\Source\BidiTypeLookup.h">
      <Filter>Source</Filter>
    </ClInclude>
    <ClInclude Include="..\..\Source\BracketQueue.h">
      <Filter>Source</Filter>
    </ClInclude>
    <ClInclude Include="..\..\Source\BracketType.h">
      <Filter>Source</Filter>
    </ClInclude>
    <ClInclude Include="..\..\Source\GeneralCategoryLookup.h">
      <Filter>Source</Filter>
    </ClInclude>
    <ClInclude Include="..\..\Source\IsolatingRun.h">
      <Filter>Source</Filter>
    </ClInclude>
    <ClInclude Include="..\..\Source\LevelRun.h">
      <Filter>Source</Filter>
    </ClInclude>
    <ClInclude Include="..\..\Source\PairingLookup.h">
      <Filter>Source</Filter>
    </ClInclude>
    <ClInclude Include="..\..\Source\RunExtrema.h">
      <Filter>Source</Filter>
    </ClInclude>
    <ClInclude Include="..\..\Source\RunKind.h">
      <Filter>Source</Filter>
    </ClInclude>
    <ClInclude Include="..\..\Source\RunQueue.h">
      <Filter>Source</Filter>
    </ClInclude>
    <ClInclude Include="..\..\Source\SBAlgorithm.h">
      <Filter>Source</Filter>
    </ClInclude>
    <ClInclude Include="..\..\Source\SBAssert.h">
      <Filter>Source</Filter>
    </ClInclude>
    <ClInclude Include="..\..\Source\SBBase.h">
      <Filter>Source</Filter>
    </ClInclude>
    <ClInclude Include="..\..\Source\SBCodepointSequence.h">
      <Filter>Source</Filter>
    </ClInclude>
    <ClInclude Include="..\..\Source\SBLine.h">
      <Filter>Source</Filter>
    </ClInclude>
    <ClInclude Include="..\..\Source\SBLog.h">
      <Filter>Source</Filter>
    </ClInclude>
    <ClInclude Include="..\..\Source\SBMirrorLocator.h">
      <Filter>Source</Filter>
    </ClInclude>
    <ClInclude Include="..\..\Source\SBParagraph.h">
      <Filter>Source</Filter>
    </ClInclude>
    <ClInclude Include="..\..\Source\SBScriptLocator.h">
      <Filter>Source</Filter>
    </ClInclude>
    <ClInclude Include="..\..\Source\ScriptLookup.h">
      <Filter>Source</Filter>
    </ClInclude>
    <ClInclude Include="..\..\Source\ScriptStack.h">
      <Filter>Source</Filter>
    </ClInclude>
    <ClInclude Include="..\..\Source\StatusStack.h">
      <Filter>Source</Filter>
    </ClInclude>
  </ItemGroup>
  <ItemGroup>
    <ClCompile Include="..\..\Source\SheenBidi.c">
      <Filter>Source</Filter>
    </ClCompile>
    <ClCompile Include="..\..\Source\BidiChain.c">
      <Filter>Source</Filter>
    </ClCompile>
    <ClCompile Include="..\..\Source\BidiTypeLookup.c">
      <Filter>Source</Filter>
    </ClCompile>
    <ClCompile Include="..\..\Source\BracketQueue.c">
      <Filter>Source</Filter>
    </ClCompile>
    <ClCompile Include="..\..\Source\GeneralCategoryLookup.c">
      <Filter>Source</Filter>
    </ClCompile>
    <ClCompile Include="..\..\Source\IsolatingRun.c">
      <Filter>Source</Filter>
    </ClCompile>
    <ClCompile Include="..\..\Source\LevelRun.c">
      <Filter>Source</Filter>
    </ClCompile>
    <ClCompile Include="..\..\Source\PairingLookup.c">
      <Filter>Source</Filter>
    </ClCompile>
    <ClCompile Include="..\..\Source\RunQueue.c">
      <Filter>Source</Filter>
    </ClCompile>
    <ClCompile Include="..\..\Source\SBAlgorithm.c">
      <Filter>Source</Filter>
    </ClCompile>
    <ClCompile Include="..\..\Source\SBBase.c">
      <Filter>Source</Filter>
    </ClCompile>
    <ClCompile Include="..\..\Source\SBCodepointSequence.c">
      <Filter>Source</Filter>
    </ClCompile>
    <ClCompile Include="..\..\Source\SBLine.c">
      <Filter>Source</Filter>
    </ClCompile>
    <ClCompile Include="..\..\Source\SBLog.c">
      <Filter>Source</Filter>
    </ClCompile>
    <ClCompile Include="..\..\Source\SBMirrorLocator.c">
      <Filter>Source</Filter>
    </ClCompile>
    <ClCompile Include="..\..\Source\SBParagraph.c">
      <Filter>Source</Filter>
    </ClCompile>
    <ClCompile Include="..\..\Source\SBScriptLocator.c">
      <Filter>Source</Filter>
    </ClCompile>
    <ClCompile Include="..\..\Source\ScriptLookup.c">
      <Filter>Source</Filter>
    </ClCompile>
    <ClCompile Include="..\..\Source\ScriptStack.c">
      <Filter>Source</Filter>
    </ClCompile>
    <ClCompile Include="..\..\Source\StatusStack.c">
      <Filter>Source</Filter>
    </ClCompile>
  </ItemGroup>
</Project>