// !$*UTF8*$!
{
	archiveVersion = 1;
	classes = {
	};
	objectVersion = 46;
	objects = {

/* Begin PBXBuildFile section */
		6E9CA1381C78323C001B7BAC /* SBBidiChain.c in Sources */ = {isa = PBXBuildFile; fileRef = 6E9CA0ED1C78321D001B7BAC /* SBBidiChain.c */; };
		6E9CA1391C78323C001B7BAC /* SBBidiLink.c in Sources */ = {isa = PBXBuildFile; fileRef = 6E9CA0EF1C78321D001B7BAC /* SBBidiLink.c */; };
		6E9CA13A1C78323C001B7BAC /* SBBracketQueue.c in Sources */ = {isa = PBXBuildFile; fileRef = 6E9CA0F11C78321D001B7BAC /* SBBracketQueue.c */; };
		6E9CA13B1C78323C001B7BAC /* SBCharTypeLookup.c in Sources */ = {isa = PBXBuildFile; fileRef = 6E9CA0F51C78321D001B7BAC /* SBCharTypeLookup.c */; };
		6E9CA13C1C78323C001B7BAC /* SBIsolatingRun.c in Sources */ = {isa = PBXBuildFile; fileRef = 6E9CA0F71C78321D001B7BAC /* SBIsolatingRun.c */; };
		6E9CA13D1C78323C001B7BAC /* SBLevelRun.c in Sources */ = {isa = PBXBuildFile; fileRef = 6E9CA0F91C78321D001B7BAC /* SBLevelRun.c */; };
		6E9CA13E1C78323C001B7BAC /* SBLine.c in Sources */ = {isa = PBXBuildFile; fileRef = 6E9CA0FB1C78321D001B7BAC /* SBLine.c */; };
		6E9CA13F1C78323C001B7BAC /* SBLog.c in Sources */ = {isa = PBXBuildFile; fileRef = 6E9CA0FD1C78321D001B7BAC /* SBLog.c */; };
		6E9CA1401C78323C001B7BAC /* SBMirrorLocator.c in Sources */ = {isa = PBXBuildFile; fileRef = 6E9CA0FF1C78321D001B7BAC /* SBMirrorLocator.c */; };
		6E9CA1411C78323C001B7BAC /* SBPairingLookup.c in Sources */ = {isa = PBXBuildFile; fileRef = 6E9CA1011C78321D001B7BAC /* SBPairingLookup.c */; };
		6E9CA1421C78323C001B7BAC /* SBParagraph.c in Sources */ = {isa = PBXBuildFile; fileRef = 6E9CA1031C78321D001B7BAC /* SBParagraph.c */; };
		6E9CA1431C78323C001B7BAC /* SBRunAdapter.c in Sources */ = {isa = PBXBuildFile; fileRef = 6E9CA1051C78321D001B7BAC /* SBRunAdapter.c */; };
		6E9CA1441C78323C001B7BAC /* SBRunQueue.c in Sources */ = {isa = PBXBuildFile; fileRef = 6E9CA1091C78321D001B7BAC /* SBRunQueue.c */; };
		6E9CA1451C78323C001B7BAC /* SBStatusStack.c in Sources */ = {isa = PBXBuildFile; fileRef = 6E9CA10B1C78321D001B7BAC /* SBStatusStack.c */; };
		6E9CA1461C78323C001B7BAC /* SheenBidi.c in Sources */ = {isa = PBXBuildFile; fileRef = 6E9CA10D1C78321D001B7BAC /* SheenBidi.c */; };
		6E9CA1471C783256001B7BAC /* SBBidiChain.c in Sources */ = {isa = PBXBuildFile; fileRef = 6E9CA0ED1C78321D001B7BAC /* SBBidiChain.c */; };
		6E9CA1481C783256001B7BAC /* SBBidiLink.c in Sources */ = {isa = PBXBuildFile; fileRef = 6E9CA0EF1C78321D001B7BAC /* SBBidiLink.c */; };
		6E9CA1491C783256001B7BAC /* SBBracketQueue.c in Sources */ = {isa = PBXBuildFile; fileRef = 6E9CA0F11C78321D001B7BAC /* SBBracketQueue.c */; };
		6E9CA14A1C783256001B7BAC /* SBCharTypeLookup.c in Sources */ = {isa = PBXBuildFile; fileRef = 6E9CA0F51C78321D001B7BAC /* SBCharTypeLookup.c */; };
		6E9CA14B1C783256001B7BAC /* SBIsolatingRun.c in Sources */ = {isa = PBXBuildFile; fileRef = 6E9CA0F71C78321D001B7BAC /* SBIsolatingRun.c */; };
		6E9CA14C1C783256001B7BAC /* SBLevelRun.c in Sources */ = {isa = PBXBuildFile; fileRef = 6E9CA0F91C78321D001B7BAC /* SBLevelRun.c */; };
		6E9CA14D1C783256001B7BAC /* SBLine.c in Sources */ = {isa = PBXBuildFile; fileRef = 6E9CA0FB1C78321D001B7BAC /* SBLine.c */; };
		6E9CA14E1C783256001B7BAC /* SBLog.c in Sources */ = {isa = PBXBuildFile; fileRef = 6E9CA0FD1C78321D001B7BAC /* SBLog.c */; };
		6E9CA14F1C783256001B7BAC /* SBMirrorLocator.c in Sources */ = {isa = PBXBuildFile; fileRef = 6E9CA0FF1C78321D001B7BAC /* SBMirrorLocator.c */; };
		6E9CA1501C783256001B7BAC /* SBPairingLookup.c in Sources */ = {isa = PBXBuildFile; fileRef = 6E9CA1011C78321D001B7BAC /* SBPairingLookup.c */; };
		6E9CA1511C783256001B7BAC /* SBParagraph.c in Sources */ = {isa = PBXBuildFile; fileRef = 6E9CA1031C78321D001B7BAC /* SBParagraph.c */; };
		6E9CA1521C783256001B7BAC /* SBRunAdapter.c in Sources */ = {isa = PBXBuildFile; fileRef = 6E9CA1051C78321D001B7BAC /* SBRunAdapter.c */; };
		6E9CA1531C783256001B7BAC /* SBRunQueue.c in Sources */ = {isa = PBXBuildFile; fileRef = 6E9CA1091C78321D001B7BAC /* SBRunQueue.c */; };
		6E9CA1541C783256001B7BAC /* SBStatusStack.c in Sources */ = {isa = PBXBuildFile; fileRef = 6E9CA10B1C78321D001B7BAC /* SBStatusStack.c */; };
		6E9CA1551C783256001B7BAC /* SheenBidi.c in Sources */ = {isa = PBXBuildFile; fileRef = 6E9CA10D1C78321D001B7BAC /* SheenBidi.c */; };
		6E9CA1561C783285001B7BAC /* SBAssert.h in Headers */ = {isa = PBXBuildFile; fileRef = 6E9CA0EC1C78321D001B7BAC /* SBAssert.h */; settings = {ATTRIBUTES = (Private, ); }; };
		6E9CA1571C783285001B7BAC /* SBBidiChain.h in Headers */ = {isa = PBXBuildFile; fileRef = 6E9CA0EE1C78321D001B7BAC /* SBBidiChain.h */; settings = {ATTRIBUTES = (Private, ); }; };
		6E9CA1581C783285001B7BAC /* SBBidiLink.h in Headers */ = {isa = PBXBuildFile; fileRef = 6E9CA0F01C78321D001B7BAC /* SBBidiLink.h */; settings = {ATTRIBUTES = (Private, ); }; };
		6E9CA1591C783285001B7BAC /* SBBracketQueue.h in Headers */ = {isa = PBXBuildFile; fileRef = 6E9CA0F21C78321D001B7BAC /* SBBracketQueue.h */; settings = {ATTRIBUTES = (Private, ); }; };
		6E9CA15A1C783285001B7BAC /* SBBracketType.h in Headers */ = {isa = PBXBuildFile; fileRef = 6E9CA0F31C78321D001B7BAC /* SBBracketType.h */; settings = {ATTRIBUTES = (Private, ); }; };
		6E9CA15B1C783285001B7BAC /* SBCharType.h in Headers */ = {isa = PBXBuildFile; fileRef = 6E9CA0F41C78321D001B7BAC /* SBCharType.h */; settings = {ATTRIBUTES = (Private, ); }; };
		6E9CA15C1C783285001B7BAC /* SBCharTypeLookup.h in Headers */ = {isa = PBXBuildFile; fileRef = 6E9CA0F61C78321D001B7BAC /* SBCharTypeLookup.h */; settings = {ATTRIBUTES = (Private, ); }; };
		6E9CA15D1C783285001B7BAC /* SBIsolatingRun.h in Headers */ = {isa = PBXBuildFile; fileRef = 6E9CA0F81C78321D001B7BAC /* SBIsolatingRun.h */; settings = {ATTRIBUTES = (Private, ); }; };
		6E9CA15E1C783285001B7BAC /* SBLevelRun.h in Headers */ = {isa = PBXBuildFile; fileRef = 6E9CA0FA1C78321D001B7BAC /* SBLevelRun.h */; settings = {ATTRIBUTES = (Private, ); }; };
		6E9CA15F1C783285001B7BAC /* SBLine.h in Headers */ = {isa = PBXBuildFile; fileRef = 6E9CA0FC1C78321D001B7BAC /* SBLine.h */; settings = {ATTRIBUTES = (Private, ); }; };
		6E9CA1601C783285001B7BAC /* SBLog.h in Headers */ = {isa = PBXBuildFile; fileRef = 6E9CA0FE1C78321D001B7BAC /* SBLog.h */; settings = {ATTRIBUTES = (Private, ); }; };
		6E9CA1611C783285001B7BAC /* SBMirrorLocator.h in Headers */ = {isa = PBXBuildFile; fileRef = 6E9CA1001C78321D001B7BAC /* SBMirrorLocator.h */; settings = {ATTRIBUTES = (Private, ); }; };
		6E9CA1621C783285001B7BAC /* SBPairingLookup.h in Headers */ = {isa = PBXBuildFile; fileRef = 6E9CA1021C78321D001B7BAC /* SBPairingLookup.h */; settings = {ATTRIBUTES = (Private, ); }; };
		6E9CA1631C783285001B7BAC /* SBParagraph.h in Headers */ = {isa = PBXBuildFile; fileRef = 6E9CA1041C78321D001B7BAC /* SBParagraph.h */; settings = {ATTRIBUTES = (Private, ); }; };
		6E9CA1641C783285001B7BAC /* SBRunAdapter.h in Headers */ = {isa = PBXBuildFile; fileRef = 6E9CA1061C78321D001B7BAC /* SBRunAdapter.h */; settings = {ATTRIBUTES = (Private, ); }; };
		6E9CA1651C783285001B7BAC /* SBRunExtrema.h in Headers */ = {isa = PBXBuildFile; fileRef = 6E9CA1071C78321D001B7BAC /* SBRunExtrema.h */; settings = {ATTRIBUTES = (Private, ); }; };
		6E9CA1661C783285001B7BAC /* SBRunKind.h in Headers */ = {isa = PBXBuildFile; fileRef = 6E9CA1081C78321D001B7BAC /* SBRunKind.h */; settings = {ATTRIBUTES = (Private, ); }; };
		6E9CA1671C783286001B7BAC /* SBRunQueue.h in Headers */ = {isa = PBXBuildFile; fileRef = 6E9CA10A1C78321D001B7BAC /* SBRunQueue.h */; settings = {ATTRIBUTES = (Private, ); }; };
		6E9CA1681C783286001B7BAC /* SBStatusStack.h in Headers */ = {isa = PBXBuildFile; fileRef = 6E9CA10C1C78321D001B7BAC /* SBStatusStack.h */; settings = {ATTRIBUTES = (Private, ); }; };
		6E9CA1691C783289001B7BAC /* SBAssert.h in Headers */ = {isa = PBXBuildFile; fileRef = 6E9CA0EC1C78321D001B7BAC /* SBAssert.h */; settings = {ATTRIBUTES = (Private, ); }; };
		6E9CA16A1C783289001B7BAC /* SBBidiChain.h in Headers */ = {isa = PBXBuildFile; fileRef = 6E9CA0EE1C78321D001B7BAC /* SBBidiChain.h */; settings = {ATTRIBUTES = (Private, ); }; };
		6E9CA16B1C783289001B7BAC /* SBBidiLink.h in Headers */ = {isa = PBXBuildFile; fileRef = 6E9CA0F01C78321D001B7BAC /* SBBidiLink.h */; settings = {ATTRIBUTES = (Private, ); }; };
		6E9CA16C1C783289001B7BAC /* SBBracketQueue.h in Headers */ = {isa = PBXBuildFile; fileRef = 6E9CA0F21C78321D001B7BAC /* SBBracketQueue.h */; settings = {ATTRIBUTES = (Private, ); }; };
		6E9CA16D1C783289001B7BAC /* SBBracketType.h in Headers */ = {isa = PBXBuildFile; fileRef = 6E9CA0F31C78321D001B7BAC /* SBBracketType.h */; settings = {ATTRIBUTES = (Private, ); }; };
		6E9CA16E1C783289001B7BAC /* SBCharType.h in Headers */ = {isa = PBXBuildFile; fileRef = 6E9CA0F41C78321D001B7BAC /* SBCharType.h */; settings = {ATTRIBUTES = (Private, ); }; };
		6E9CA16F1C783289001B7BAC /* SBCharTypeLookup.h in Headers */ = {isa = PBXBuildFile; fileRef = 6E9CA0F61C78321D001B7BAC /* SBCharTypeLookup.h */; settings = {ATTRIBUTES = (Private, ); }; };
		6E9CA1701C783289001B7BAC /* SBIsolatingRun.h in Headers */ = {isa = PBXBuildFile; fileRef = 6E9CA0F81C78321D001B7BAC /* SBIsolatingRun.h */; settings = {ATTRIBUTES = (Private, ); }; };
		6E9CA1711C78328A001B7BAC /* SBLevelRun.h in Headers */ = {isa = PBXBuildFile; fileRef = 6E9CA0FA1C78321D001B7BAC /* SBLevelRun.h */; settings = {ATTRIBUTES = (Private, ); }; };
		6E9CA1721C78328A001B7BAC /* SBLine.h in Headers */ = {isa = PBXBuildFile; fileRef = 6E9CA0FC1C78321D001B7BAC /* SBLine.h */; settings = {ATTRIBUTES = (Private, ); }; };
		6E9CA1731C78328A001B7BAC /* SBLog.h in Headers */ = {isa = PBXBuildFile; fileRef = 6E9CA0FE1C78321D001B7BAC /* SBLog.h */; settings = {ATTRIBUTES = (Private, ); }; };
		6E9CA1741C78328A001B7BAC /* SBMirrorLocator.h in Headers */ = {isa = PBXBuildFile; fileRef = 6E9CA1001C78321D001B7BAC /* SBMirrorLocator.h */; settings = {ATTRIBUTES = (Private, ); }; };
		6E9CA1751C78328A001B7BAC /* SBPairingLookup.h in Headers */ = {isa = PBXBuildFile; fileRef = 6E9CA1021C78321D001B7BAC /* SBPairingLookup.h */; settings = {ATTRIBUTES = (Private, ); }; };
		6E9CA1761C78328A001B7BAC /* SBParagraph.h in Headers */ = {isa = PBXBuildFile; fileRef = 6E9CA1041C78321D001B7BAC /* SBParagraph.h */; settings = {ATTRIBUTES = (Private, ); }; };
		6E9CA1771C78328A001B7BAC /* SBRunAdapter.h in Headers */ = {isa = PBXBuildFile; fileRef = 6E9CA1061C78321D001B7BAC /* SBRunAdapter.h */; settings = {ATTRIBUTES = (Private, ); }; };
		6E9CA1781C78328A001B7BAC /* SBRunExtrema.h in Headers */ = {isa = PBXBuildFile; fileRef = 6E9CA1071C78321D001B7BAC /* SBRunExtrema.h */; settings = {ATTRIBUTES = (Private, ); }; };
		6E9CA1791C78328A001B7BAC /* SBRunKind.h in Headers */ = {isa = PBXBuildFile; fileRef = 6E9CA1081C78321D001B7BAC /* SBRunKind.h */; settings = {ATTRIBUTES = (Private, ); }; };
		6E9CA17A1C78328A001B7BAC /* SBRunQueue.h in Headers */ = {isa = PBXBuildFile; fileRef = 6E9CA10A1C78321D001B7BAC /* SBRunQueue.h */; settings = {ATTRIBUTES = (Private, ); }; };
		6E9CA17B1C78328A001B7BAC /* SBStatusStack.h in Headers */ = {isa = PBXBuildFile; fileRef = 6E9CA10C1C78321D001B7BAC /* SBStatusStack.h */; settings = {ATTRIBUTES = (Private, ); }; };
		6E9CA17C1C783294001B7BAC /* SBBaseDirection.h in Headers */ = {isa = PBXBuildFile; fileRef = 6E9CA0E31C78321D001B7BAC /* SBBaseDirection.h */; settings = {ATTRIBUTES = (Public, ); }; };
		6E9CA17D1C783294001B7BAC /* SBConfig.h in Headers */ = {isa = PBXBuildFile; fileRef = 6E9CA0E41C78321D001B7BAC /* SBConfig.h */; settings = {ATTRIBUTES = (Public, ); }; };
		6E9CA17E1C783294001B7BAC /* SBLine.h in Headers */ = {isa = PBXBuildFile; fileRef = 6E9CA0E51C78321D001B7BAC /* SBLine.h */; settings = {ATTRIBUTES = (Public, ); }; };
		6E9CA17F1C783294001B7BAC /* SBMirrorLocator.h in Headers */ = {isa = PBXBuildFile; fileRef = 6E9CA0E61C78321D001B7BAC /* SBMirrorLocator.h */; settings = {ATTRIBUTES = (Public, ); }; };
		6E9CA1801C783294001B7BAC /* SBParagraph.h in Headers */ = {isa = PBXBuildFile; fileRef = 6E9CA0E71C78321D001B7BAC /* SBParagraph.h */; settings = {ATTRIBUTES = (Public, ); }; };
		6E9CA1811C783294001B7BAC /* SBRunAdapter.h in Headers */ = {isa = PBXBuildFile; fileRef = 6E9CA0E81C78321D001B7BAC /* SBRunAdapter.h */; settings = {ATTRIBUTES = (Public, ); }; };
		6E9CA1821C783294001B7BAC /* SBTypes.h in Headers */ = {isa = PBXBuildFile; fileRef = 6E9CA0E91C78321D001B7BAC /* SBTypes.h */; settings = {ATTRIBUTES = (Public, ); }; };
		6E9CA1831C783294001B7BAC /* SheenBidi.h in Headers */ = {isa = PBXBuildFile; fileRef = 6E9CA0EA1C78321D001B7BAC /* SheenBidi.h */; settings = {ATTRIBUTES = (Public, ); }; };
		6E9CA1841C783297001B7BAC /* SBBaseDirection.h in Headers */ = {isa = PBXBuildFile; fileRef = 6E9CA0E31C78321D001B7BAC /* SBBaseDirection.h */; settings = {ATTRIBUTES = (Public, ); }; };
		6E9CA1851C783297001B7BAC /* SBConfig.h in Headers */ = {isa = PBXBuildFile; fileRef = 6E9CA0E41C78321D001B7BAC /* SBConfig.h */; settings = {ATTRIBUTES = (Public, ); }; };
		6E9CA1861C783297001B7BAC /* SBLine.h in Headers */ = {isa = PBXBuildFile; fileRef = 6E9CA0E51C78321D001B7BAC /* SBLine.h */; settings = {ATTRIBUTES = (Public, ); }; };
		6E9CA1871C783297001B7BAC /* SBMirrorLocator.h in Headers */ = {isa = PBXBuildFile; fileRef = 6E9CA0E61C78321D001B7BAC /* SBMirrorLocator.h */; settings = {ATTRIBUTES = (Public, ); }; };
		6E9CA1881C783297001B7BAC /* SBParagraph.h in Headers */ = {isa = PBXBuildFile; fileRef = 6E9CA0E71C78321D001B7BAC /* SBParagraph.h */; settings = {ATTRIBUTES = (Public, ); }; };
		6E9CA1891C783297001B7BAC /* SBRunAdapter.h in Headers */ = {isa = PBXBuildFile; fileRef = 6E9CA0E81C78321D001B7BAC /* SBRunAdapter.h */; settings = {ATTRIBUTES = (Public, ); }; };
		6E9CA18A1C783297001B7BAC /* SBTypes.h in Headers */ = {isa = PBXBuildFile; fileRef = 6E9CA0E91C78321D001B7BAC /* SBTypes.h */; settings = {ATTRIBUTES = (Public, ); }; };
		6E9CA18B1C783297001B7BAC /* SheenBidi.h in Headers */ = {isa = PBXBuildFile; fileRef = 6E9CA0EA1C78321D001B7BAC /* SheenBidi.h */; settings = {ATTRIBUTES = (Public, ); }; };
		6EC3645F1C82F1E0001F6600 /* SBTypes.c in Sources */ = {isa = PBXBuildFile; fileRef = 6EC3645D1C82F1E0001F6600 /* SBTypes.c */; settings = {ASSET_TAGS = (); }; };
		6EC364601C82F1E0001F6600 /* SBTypes.h in Headers */ = {isa = PBXBuildFile; fileRef = 6EC3645E1C82F1E0001F6600 /* SBTypes.h */; settings = {ASSET_TAGS = (); }; };
/* End PBXBuildFile section */

/* Begin PBXCopyFilesBuildPhase section */
		6E9C29A11B99DB0E007FC446 /* CopyFiles */ = {
			isa = PBXCopyFilesBuildPhase;
			buildActionMask = 2147483647;
			dstPath = "include/$(PRODUCT_NAME)";
			dstSubfolderSpec = 16;
			files = (
			);
			runOnlyForDeploymentPostprocessing = 0;
		};
		6EC153F51C2E583900A84A7D /* CopyFiles */ = {
			isa = PBXCopyFilesBuildPhase;
			buildActionMask = 2147483647;
			dstPath = "include/$(PRODUCT_NAME)";
			dstSubfolderSpec = 16;
			files = (
			);
			runOnlyForDeploymentPostprocessing = 0;
		};
/* End PBXCopyFilesBuildPhase section */

/* Begin PBXFileReference section */
		6E9C29A31B99DB0E007FC446 /* libSheenBidi.a */ = {isa = PBXFileReference; explicitFileType = archive.ar; includeInIndex = 0; path = libSheenBidi.a; sourceTree = BUILT_PRODUCTS_DIR; };
		6E9CA0E31C78321D001B7BAC /* SBBaseDirection.h */ = {isa = PBXFileReference; fileEncoding = 4; lastKnownFileType = sourcecode.c.h; path = SBBaseDirection.h; sourceTree = "<group>"; };
		6E9CA0E41C78321D001B7BAC /* SBConfig.h */ = {isa = PBXFileReference; fileEncoding = 4; lastKnownFileType = sourcecode.c.h; path = SBConfig.h; sourceTree = "<group>"; };
		6E9CA0E51C78321D001B7BAC /* SBLine.h */ = {isa = PBXFileReference; fileEncoding = 4; lastKnownFileType = sourcecode.c.h; path = SBLine.h; sourceTree = "<group>"; };
		6E9CA0E61C78321D001B7BAC /* SBMirrorLocator.h */ = {isa = PBXFileReference; fileEncoding = 4; lastKnownFileType = sourcecode.c.h; path = SBMirrorLocator.h; sourceTree = "<group>"; };
		6E9CA0E71C78321D001B7BAC /* SBParagraph.h */ = {isa = PBXFileReference; fileEncoding = 4; lastKnownFileType = sourcecode.c.h; path = SBParagraph.h; sourceTree = "<group>"; };
		6E9CA0E81C78321D001B7BAC /* SBRunAdapter.h */ = {isa = PBXFileReference; fileEncoding = 4; lastKnownFileType = sourcecode.c.h; path = SBRunAdapter.h; sourceTree = "<group>"; };
		6E9CA0E91C78321D001B7BAC /* SBTypes.h */ = {isa = PBXFileReference; fileEncoding = 4; lastKnownFileType = sourcecode.c.h; path = SBTypes.h; sourceTree = "<group>"; };
		6E9CA0EA1C78321D001B7BAC /* SheenBidi.h */ = {isa = PBXFileReference; fileEncoding = 4; lastKnownFileType = sourcecode.c.h; path = SheenBidi.h; sourceTree = "<group>"; };
		6E9CA0EC1C78321D001B7BAC /* SBAssert.h */ = {isa = PBXFileReference; fileEncoding = 4; lastKnownFileType = sourcecode.c.h; path = SBAssert.h; sourceTree = "<group>"; };
		6E9CA0ED1C78321D001B7BAC /* SBBidiChain.c */ = {isa = PBXFileReference; fileEncoding = 4; lastKnownFileType = sourcecode.c.c; path = SBBidiChain.c; sourceTree = "<group>"; };
		6E9CA0EE1C78321D001B7BAC /* SBBidiChain.h */ = {isa = PBXFileReference; fileEncoding = 4; lastKnownFileType = sourcecode.c.h; path = SBBidiChain.h; sourceTree = "<group>"; };
		6E9CA0EF1C78321D001B7BAC /* SBBidiLink.c */ = {isa = PBXFileReference; fileEncoding = 4; lastKnownFileType = sourcecode.c.c; path = SBBidiLink.c; sourceTree = "<group>"; };
		6E9CA0F01C78321D001B7BAC /* SBBidiLink.h */ = {isa = PBXFileReference; fileEncoding = 4; lastKnownFileType = sourcecode.c.h; path = SBBidiLink.h; sourceTree = "<group>"; };
		6E9CA0F11C78321D001B7BAC /* SBBracketQueue.c */ = {isa = PBXFileReference; fileEncoding = 4; lastKnownFileType = sourcecode.c.c; path = SBBracketQueue.c; sourceTree = "<group>"; };
		6E9CA0F21C78321D001B7BAC /* SBBracketQueue.h */ = {isa = PBXFileReference; fileEncoding = 4; lastKnownFileType = sourcecode.c.h; path = SBBracketQueue.h; sourceTree = "<group>"; };
		6E9CA0F31C78321D001B7BAC /* SBBracketType.h */ = {isa = PBXFileReference; fileEncoding = 4; lastKnownFileType = sourcecode.c.h; path = SBBracketType.h; sourceTree = "<group>"; };
		6E9CA0F41C78321D001B7BAC /* SBCharType.h */ = {isa = PBXFileReference; fileEncoding = 4; lastKnownFileType = sourcecode.c.h; path = SBCharType.h; sourceTree = "<group>"; };
		6E9CA0F51C78321D001B7BAC /* SBCharTypeLookup.c */ = {isa = PBXFileReference; fileEncoding = 4; lastKnownFileType = sourcecode.c.c; path = SBCharTypeLookup.c; sourceTree = "<group>"; };
		6E9CA0F61C78321D001B7BAC /* SBCharTypeLookup.h */ = {isa = PBXFileReference; fileEncoding = 4; lastKnownFileType = sourcecode.c.h; path = SBCharTypeLookup.h; sourceTree = "<group>"; };
		6E9CA0F71C78321D001B7BAC /* SBIsolatingRun.c */ = {isa = PBXFileReference; fileEncoding = 4; lastKnownFileType = sourcecode.c.c; path = SBIsolatingRun.c; sourceTree = "<group>"; };
		6E9CA0F81C78321D001B7BAC /* SBIsolatingRun.h */ = {isa = PBXFileReference; fileEncoding = 4; lastKnownFileType = sourcecode.c.h; path = SBIsolatingRun.h; sourceTree = "<group>"; };
		6E9CA0F91C78321D001B7BAC /* SBLevelRun.c */ = {isa = PBXFileReference; fileEncoding = 4; lastKnownFileType = sourcecode.c.c; path = SBLevelRun.c; sourceTree = "<group>"; };
		6E9CA0FA1C78321D001B7BAC /* SBLevelRun.h */ = {isa = PBXFileReference; fileEncoding = 4; lastKnownFileType = sourcecode.c.h; path = SBLevelRun.h; sourceTree = "<group>"; };
		6E9CA0FB1C78321D001B7BAC /* SBLine.c */ = {isa = PBXFileReference; fileEncoding = 4; lastKnownFileType = sourcecode.c.c; path = SBLine.c; sourceTree = "<group>"; };
		6E9CA0FC1C78321D001B7BAC /* SBLine.h */ = {isa = PBXFileReference; fileEncoding = 4; lastKnownFileType = sourcecode.c.h; path = SBLine.h; sourceTree = "<group>"; };
		6E9CA0FD1C78321D001B7BAC /* SBLog.c */ = {isa = PBXFileReference; fileEncoding = 4; lastKnownFileType = sourcecode.c.c; path = SBLog.c; sourceTree = "<group>"; };
		6E9CA0FE1C78321D001B7BAC /* SBLog.h */ = {isa = PBXFileReference; fileEncoding = 4; lastKnownFileType = sourcecode.c.h; path = SBLog.h; sourceTree = "<group>"; };
		6E9CA0FF1C78321D001B7BAC /* SBMirrorLocator.c */ = {isa = PBXFileReference; fileEncoding = 4; lastKnownFileType = sourcecode.c.c; path = SBMirrorLocator.c; sourceTree = "<group>"; };
		6E9CA1001C78321D001B7BAC /* SBMirrorLocator.h */ = {isa = PBXFileReference; fileEncoding = 4; lastKnownFileType = sourcecode.c.h; path = SBMirrorLocator.h; sourceTree = "<group>"; };
		6E9CA1011C78321D001B7BAC /* SBPairingLookup.c */ = {isa = PBXFileReference; fileEncoding = 4; lastKnownFileType = sourcecode.c.c; path = SBPairingLookup.c; sourceTree = "<group>"; };
		6E9CA1021C78321D001B7BAC /* SBPairingLookup.h */ = {isa = PBXFileReference; fileEncoding = 4; lastKnownFileType = sourcecode.c.h; path = SBPairingLookup.h; sourceTree = "<group>"; };
		6E9CA1031C78321D001B7BAC /* SBParagraph.c */ = {isa = PBXFileReference; fileEncoding = 4; lastKnownFileType = sourcecode.c.c; path = SBParagraph.c; sourceTree = "<group>"; };
		6E9CA1041C78321D001B7BAC /* SBParagraph.h */ = {isa = PBXFileReference; fileEncoding = 4; lastKnownFileType = sourcecode.c.h; path = SBParagraph.h; sourceTree = "<group>"; };
		6E9CA1051C78321D001B7BAC /* SBRunAdapter.c */ = {isa = PBXFileReference; fileEncoding = 4; lastKnownFileType = sourcecode.c.c; path = SBRunAdapter.c; sourceTree = "<group>"; };
		6E9CA1061C78321D001B7BAC /* SBRunAdapter.h */ = {isa = PBXFileReference; fileEncoding = 4; lastKnownFileType = sourcecode.c.h; path = SBRunAdapter.h; sourceTree = "<group>"; };
		6E9CA1071C78321D001B7BAC /* SBRunExtrema.h */ = {isa = PBXFileReference; fileEncoding = 4; lastKnownFileType = sourcecode.c.h; path = SBRunExtrema.h; sourceTree = "<group>"; };
		6E9CA1081C78321D001B7BAC /* SBRunKind.h */ = {isa = PBXFileReference; fileEncoding = 4; lastKnownFileType = sourcecode.c.h; path = SBRunKind.h; sourceTree = "<group>"; };
		6E9CA1091C78321D001B7BAC /* SBRunQueue.c */ = {isa = PBXFileReference; fileEncoding = 4; lastKnownFileType = sourcecode.c.c; path = SBRunQueue.c; sourceTree = "<group>"; };
		6E9CA10A1C78321D001B7BAC /* SBRunQueue.h */ = {isa = PBXFileReference; fileEncoding = 4; lastKnownFileType = sourcecode.c.h; path = SBRunQueue.h; sourceTree = "<group>"; };
		6E9CA10B1C78321D001B7BAC /* SBStatusStack.c */ = {isa = PBXFileReference; fileEncoding = 4; lastKnownFileType = sourcecode.c.c; path = SBStatusStack.c; sourceTree = "<group>"; };
		6E9CA10C1C78321D001B7BAC /* SBStatusStack.h */ = {isa = PBXFileReference; fileEncoding = 4; lastKnownFileType = sourcecode.c.h; path = SBStatusStack.h; sourceTree = "<group>"; };
		6E9CA10D1C78321D001B7BAC /* SheenBidi.c */ = {isa = PBXFileReference; fileEncoding = 4; lastKnownFileType = sourcecode.c.c; path = SheenBidi.c; sourceTree = "<group>"; };
		6EC153F91C2E583900A84A7D /* libSheenBidi.a */ = {isa = PBXFileReference; explicitFileType = archive.ar; includeInIndex = 0; path = libSheenBidi.a; sourceTree = BUILT_PRODUCTS_DIR; };
		6EC3645D1C82F1E0001F6600 /* SBTypes.c */ = {isa = PBXFileReference; fileEncoding = 4; lastKnownFileType = sourcecode.c.c; path = SBTypes.c; sourceTree = "<group>"; };
		6EC3645E1C82F1E0001F6600 /* SBTypes.h */ = {isa = PBXFileReference; fileEncoding = 4; lastKnownFileType = sourcecode.c.h; path = SBTypes.h; sourceTree = "<group>"; };
/* End PBXFileReference section */

/* Begin PBXFrameworksBuildPhase section */
		6E9C29A01B99DB0E007FC446 /* Frameworks */ = {
			isa = PBXFrameworksBuildPhase;
			buildActionMask = 2147483647;
			files = (
			);
			runOnlyForDeploymentPostprocessing = 0;
		};
		6EC153F41C2E583900A84A7D /* Frameworks */ = {
			isa = PBXFrameworksBuildPhase;
			buildActionMask = 2147483647;
			files = (
			);
			runOnlyForDeploymentPostprocessing = 0;
		};
/* End PBXFrameworksBuildPhase section */

/* Begin PBXGroup section */
		6E9C299A1B99DB0E007FC446 = {
			isa = PBXGroup;
			children = (
				6E9CA0E11C78321D001B7BAC /* SheenBidi */,
				6E9C29A41B99DB0E007FC446 /* Products */,
			);
			sourceTree = "<group>";
		};
		6E9C29A41B99DB0E007FC446 /* Products */ = {
			isa = PBXGroup;
			children = (
				6E9C29A31B99DB0E007FC446 /* libSheenBidi.a */,
				6EC153F91C2E583900A84A7D /* libSheenBidi.a */,
			);
			name = Products;
			sourceTree = "<group>";
		};
		6E9CA0E11C78321D001B7BAC /* SheenBidi */ = {
			isa = PBXGroup;
			children = (
				6E9CA0E21C78321D001B7BAC /* Headers */,
				6E9CA0EB1C78321D001B7BAC /* Source */,
			);
			path = SheenBidi;
			sourceTree = "<group>";
		};
		6E9CA0E21C78321D001B7BAC /* Headers */ = {
			isa = PBXGroup;
			children = (
				6E9CA0E31C78321D001B7BAC /* SBBaseDirection.h */,
				6E9CA0E41C78321D001B7BAC /* SBConfig.h */,
				6E9CA0E51C78321D001B7BAC /* SBLine.h */,
				6E9CA0E61C78321D001B7BAC /* SBMirrorLocator.h */,
				6E9CA0E71C78321D001B7BAC /* SBParagraph.h */,
				6E9CA0E81C78321D001B7BAC /* SBRunAdapter.h */,
				6E9CA0E91C78321D001B7BAC /* SBTypes.h */,
				6E9CA0EA1C78321D001B7BAC /* SheenBidi.h */,
			);
			path = Headers;
			sourceTree = "<group>";
		};
		6E9CA0EB1C78321D001B7BAC /* Source */ = {
			isa = PBXGroup;
			children = (
				6E9CA0EC1C78321D001B7BAC /* SBAssert.h */,
				6E9CA0ED1C78321D001B7BAC /* SBBidiChain.c */,
				6E9CA0EE1C78321D001B7BAC /* SBBidiChain.h */,
				6E9CA0EF1C78321D001B7BAC /* SBBidiLink.c */,
				6E9CA0F01C78321D001B7BAC /* SBBidiLink.h */,
				6E9CA0F11C78321D001B7BAC /* SBBracketQueue.c */,
				6E9CA0F21C78321D001B7BAC /* SBBracketQueue.h */,
				6E9CA0F31C78321D001B7BAC /* SBBracketType.h */,
				6E9CA0F41C78321D001B7BAC /* SBCharType.h */,
				6E9CA0F51C78321D001B7BAC /* SBCharTypeLookup.c */,
				6E9CA0F61C78321D001B7BAC /* SBCharTypeLookup.h */,
				6E9CA0F71C78321D001B7BAC /* SBIsolatingRun.c */,
				6E9CA0F81C78321D001B7BAC /* SBIsolatingRun.h */,
				6E9CA0F91C78321D001B7BAC /* SBLevelRun.c */,
				6E9CA0FA1C78321D001B7BAC /* SBLevelRun.h */,
				6E9CA0FB1C78321D001B7BAC /* SBLine.c */,
				6E9CA0FC1C78321D001B7BAC /* SBLine.h */,
				6E9CA0FD1C78321D001B7BAC /* SBLog.c */,
				6E9CA0FE1C78321D001B7BAC /* SBLog.h */,
				6E9CA0FF1C78321D001B7BAC /* SBMirrorLocator.c */,
				6E9CA1001C78321D001B7BAC /* SBMirrorLocator.h */,
				6E9CA1011C78321D001B7BAC /* SBPairingLookup.c */,
				6E9CA1021C78321D001B7BAC /* SBPairingLookup.h */,
				6E9CA1031C78321D001B7BAC /* SBParagraph.c */,
				6E9CA1041C78321D001B7BAC /* SBParagraph.h */,
				6E9CA1051C78321D001B7BAC /* SBRunAdapter.c */,
				6E9CA1061C78321D001B7BAC /* SBRunAdapter.h */,
				6E9CA1071C78321D001B7BAC /* SBRunExtrema.h */,
				6E9CA1081C78321D001B7BAC /* SBRunKind.h */,
				6E9CA1091C78321D001B7BAC /* SBRunQueue.c */,
				6E9CA10A1C78321D001B7BAC /* SBRunQueue.h */,
				6E9CA10B1C78321D001B7BAC /* SBStatusStack.c */,
				6E9CA10C1C78321D001B7BAC /* SBStatusStack.h */,
				6EC3645D1C82F1E0001F6600 /* SBTypes.c */,
				6EC3645E1C82F1E0001F6600 /* SBTypes.h */,
				6E9CA10D1C78321D001B7BAC /* SheenBidi.c */,
			);
			path = Source;
			sourceTree = "<group>";
		};
/* End PBXGroup section */

/* Begin PBXHeadersBuildPhase section */
		6E5344641C2E649400C23837 /* Headers */ = {
			isa = PBXHeadersBuildPhase;
			buildActionMask = 2147483647;
			files = (
				6E9CA17C1C783294001B7BAC /* SBBaseDirection.h in Headers */,
				6E9CA17D1C783294001B7BAC /* SBConfig.h in Headers */,
				6E9CA17E1C783294001B7BAC /* SBLine.h in Headers */,
				6E9CA17F1C783294001B7BAC /* SBMirrorLocator.h in Headers */,
				6E9CA1801C783294001B7BAC /* SBParagraph.h in Headers */,
				6E9CA1811C783294001B7BAC /* SBRunAdapter.h in Headers */,
				6E9CA1821C783294001B7BAC /* SBTypes.h in Headers */,
				6E9CA1831C783294001B7BAC /* SheenBidi.h in Headers */,
				6E9CA1691C783289001B7BAC /* SBAssert.h in Headers */,
				6EC364601C82F1E0001F6600 /* SBTypes.h in Headers */,
				6E9CA16A1C783289001B7BAC /* SBBidiChain.h in Headers */,
				6E9CA16B1C783289001B7BAC /* SBBidiLink.h in Headers */,
				6E9CA16C1C783289001B7BAC /* SBBracketQueue.h in Headers */,
				6E9CA16D1C783289001B7BAC /* SBBracketType.h in Headers */,
				6E9CA16E1C783289001B7BAC /* SBCharType.h in Headers */,
				6E9CA16F1C783289001B7BAC /* SBCharTypeLookup.h in Headers */,
				6E9CA1701C783289001B7BAC /* SBIsolatingRun.h in Headers */,
				6E9CA1711C78328A001B7BAC /* SBLevelRun.h in Headers */,
				6E9CA1721C78328A001B7BAC /* SBLine.h in Headers */,
				6E9CA1731C78328A001B7BAC /* SBLog.h in Headers */,
				6E9CA1741C78328A001B7BAC /* SBMirrorLocator.h in Headers */,
				6E9CA1751C78328A001B7BAC /* SBPairingLookup.h in Headers */,
				6E9CA1761C78328A001B7BAC /* SBParagraph.h in Headers */,
				6E9CA1771C78328A001B7BAC /* SBRunAdapter.h in Headers */,
				6E9CA1781C78328A001B7BAC /* SBRunExtrema.h in Headers */,
				6E9CA1791C78328A001B7BAC /* SBRunKind.h in Headers */,
				6E9CA17A1C78328A001B7BAC /* SBRunQueue.h in Headers */,
				6E9CA17B1C78328A001B7BAC /* SBStatusStack.h in Headers */,
			);
			runOnlyForDeploymentPostprocessing = 0;
		};
		6E5344711C2E64D600C23837 /* Headers */ = {
			isa = PBXHeadersBuildPhase;
			buildActionMask = 2147483647;
			files = (
				6E9CA1841C783297001B7BAC /* SBBaseDirection.h in Headers */,
				6E9CA1851C783297001B7BAC /* SBConfig.h in Headers */,
				6E9CA1861C783297001B7BAC /* SBLine.h in Headers */,
				6E9CA1871C783297001B7BAC /* SBMirrorLocator.h in Headers */,
				6E9CA1881C783297001B7BAC /* SBParagraph.h in Headers */,
				6E9CA1891C783297001B7BAC /* SBRunAdapter.h in Headers */,
				6E9CA18A1C783297001B7BAC /* SBTypes.h in Headers */,
				6E9CA18B1C783297001B7BAC /* SheenBidi.h in Headers */,
				6E9CA1561C783285001B7BAC /* SBAssert.h in Headers */,
				6E9CA1571C783285001B7BAC /* SBBidiChain.h in Headers */,
				6E9CA1581C783285001B7BAC /* SBBidiLink.h in Headers */,
				6E9CA1591C783285001B7BAC /* SBBracketQueue.h in Headers */,
				6E9CA15A1C783285001B7BAC /* SBBracketType.h in Headers */,
				6E9CA15B1C783285001B7BAC /* SBCharType.h in Headers */,
				6E9CA15C1C783285001B7BAC /* SBCharTypeLookup.h in Headers */,
				6E9CA15D1C783285001B7BAC /* SBIsolatingRun.h in Headers */,
				6E9CA15E1C783285001B7BAC /* SBLevelRun.h in Headers */,
				6E9CA15F1C783285001B7BAC /* SBLine.h in Headers */,
				6E9CA1601C783285001B7BAC /* SBLog.h in Headers */,
				6E9CA1611C783285001B7BAC /* SBMirrorLocator.h in Headers */,
				6E9CA1621C783285001B7BAC /* SBPairingLookup.h in Headers */,
				6E9CA1631C783285001B7BAC /* SBParagraph.h in Headers */,
				6E9CA1641C783285001B7BAC /* SBRunAdapter.h in Headers */,
				6E9CA1651C783285001B7BAC /* SBRunExtrema.h in Headers */,
				6E9CA1661C783285001B7BAC /* SBRunKind.h in Headers */,
				6E9CA1671C783286001B7BAC /* SBRunQueue.h in Headers */,
				6E9CA1681C783286001B7BAC /* SBStatusStack.h in Headers */,
			);
			runOnlyForDeploymentPostprocessing = 0;
		};
/* End PBXHeadersBuildPhase section */

/* Begin PBXNativeTarget section */
		6E9C29A21B99DB0E007FC446 /* SheenBidi-iOS */ = {
			isa = PBXNativeTarget;
			buildConfigurationList = 6E9C29B71B99DB0E007FC446 /* Build configuration list for PBXNativeTarget "SheenBidi-iOS" */;
			buildPhases = (
				6E9C299F1B99DB0E007FC446 /* Sources */,
				6E9C29A01B99DB0E007FC446 /* Frameworks */,
				6E9C29A11B99DB0E007FC446 /* CopyFiles */,
				6E5344641C2E649400C23837 /* Headers */,
			);
			buildRules = (
			);
			dependencies = (
			);
			name = "SheenBidi-iOS";
			productName = SheenFigure;
			productReference = 6E9C29A31B99DB0E007FC446 /* libSheenBidi.a */;
			productType = "com.apple.product-type.library.static";
		};
		6EC153DF1C2E583900A84A7D /* SheenBidi-Mac */ = {
			isa = PBXNativeTarget;
			buildConfigurationList = 6EC153F61C2E583900A84A7D /* Build configuration list for PBXNativeTarget "SheenBidi-Mac" */;
			buildPhases = (
				6EC153E01C2E583900A84A7D /* Sources */,
				6EC153F41C2E583900A84A7D /* Frameworks */,
				6EC153F51C2E583900A84A7D /* CopyFiles */,
				6E5344711C2E64D600C23837 /* Headers */,
			);
			buildRules = (
			);
			dependencies = (
			);
			name = "SheenBidi-Mac";
			productName = SheenFigure;
			productReference = 6EC153F91C2E583900A84A7D /* libSheenBidi.a */;
			productType = "com.apple.product-type.library.static";
		};
/* End PBXNativeTarget section */

/* Begin PBXProject section */
		6E9C299B1B99DB0E007FC446 /* Project object */ = {
			isa = PBXProject;
			attributes = {
				LastUpgradeCheck = 0700;
				ORGANIZATIONNAME = "Muhammad Tayyab Akram";
				TargetAttributes = {
					6E9C29A21B99DB0E007FC446 = {
						CreatedOnToolsVersion = 6.1;
					};
				};
			};
			buildConfigurationList = 6E9C299E1B99DB0E007FC446 /* Build configuration list for PBXProject "SheenBidi" */;
			compatibilityVersion = "Xcode 3.2";
			developmentRegion = English;
			hasScannedForEncodings = 0;
			knownRegions = (
				en,
			);
			mainGroup = 6E9C299A1B99DB0E007FC446;
			productRefGroup = 6E9C29A41B99DB0E007FC446 /* Products */;
			projectDirPath = "";
			projectRoot = "";
			targets = (
				6E9C29A21B99DB0E007FC446 /* SheenBidi-iOS */,
				6EC153DF1C2E583900A84A7D /* SheenBidi-Mac */,
			);
		};
/* End PBXProject section */

/* Begin PBXSourcesBuildPhase section */
		6E9C299F1B99DB0E007FC446 /* Sources */ = {
			isa = PBXSourcesBuildPhase;
			buildActionMask = 2147483647;
			files = (
				6E9CA1471C783256001B7BAC /* SBBidiChain.c in Sources */,
				6E9CA1481C783256001B7BAC /* SBBidiLink.c in Sources */,
				6E9CA1491C783256001B7BAC /* SBBracketQueue.c in Sources */,
				6E9CA14A1C783256001B7BAC /* SBCharTypeLookup.c in Sources */,
				6EC3645F1C82F1E0001F6600 /* SBTypes.c in Sources */,
				6E9CA14B1C783256001B7BAC /* SBIsolatingRun.c in Sources */,
				6E9CA14C1C783256001B7BAC /* SBLevelRun.c in Sources */,
				6E9CA14D1C783256001B7BAC /* SBLine.c in Sources */,
				6E9CA14E1C783256001B7BAC /* SBLog.c in Sources */,
				6E9CA14F1C783256001B7BAC /* SBMirrorLocator.c in Sources */,
				6E9CA1501C783256001B7BAC /* SBPairingLookup.c in Sources */,
				6E9CA1511C783256001B7BAC /* SBParagraph.c in Sources */,
				6E9CA1521C783256001B7BAC /* SBRunAdapter.c in Sources */,
				6E9CA1531C783256001B7BAC /* SBRunQueue.c in Sources */,
				6E9CA1541C783256001B7BAC /* SBStatusStack.c in Sources */,
				6E9CA1551C783256001B7BAC /* SheenBidi.c in Sources */,
			);
			runOnlyForDeploymentPostprocessing = 0;
		};
		6EC153E01C2E583900A84A7D /* Sources */ = {
			isa = PBXSourcesBuildPhase;
			buildActionMask = 2147483647;
			files = (
				6E9CA1381C78323C001B7BAC /* SBBidiChain.c in Sources */,
				6E9CA1391C78323C001B7BAC /* SBBidiLink.c in Sources */,
				6E9CA13A1C78323C001B7BAC /* SBBracketQueue.c in Sources */,
				6E9CA13B1C78323C001B7BAC /* SBCharTypeLookup.c in Sources */,
				6E9CA13C1C78323C001B7BAC /* SBIsolatingRun.c in Sources */,
				6E9CA13D1C78323C001B7BAC /* SBLevelRun.c in Sources */,
				6E9CA13E1C78323C001B7BAC /* SBLine.c in Sources */,
				6E9CA13F1C78323C001B7BAC /* SBLog.c in Sources */,
				6E9CA1401C78323C001B7BAC /* SBMirrorLocator.c in Sources */,
				6E9CA1411C78323C001B7BAC /* SBPairingLookup.c in Sources */,
				6E9CA1421C78323C001B7BAC /* SBParagraph.c in Sources */,
				6E9CA1431C78323C001B7BAC /* SBRunAdapter.c in Sources */,
				6E9CA1441C78323C001B7BAC /* SBRunQueue.c in Sources */,
				6E9CA1451C78323C001B7BAC /* SBStatusStack.c in Sources */,
				6E9CA1461C78323C001B7BAC /* SheenBidi.c in Sources */,
			);
			runOnlyForDeploymentPostprocessing = 0;
		};
/* End PBXSourcesBuildPhase section */

/* Begin XCBuildConfiguration section */
		6E9C29B51B99DB0E007FC446 /* Debug */ = {
			isa = XCBuildConfiguration;
			buildSettings = {
				ALWAYS_SEARCH_USER_PATHS = NO;
				CLANG_ENABLE_MODULES = YES;
				CLANG_WARN_ASSIGN_ENUM = YES;
				CLANG_WARN_BOOL_CONVERSION = YES;
				CLANG_WARN_CONSTANT_CONVERSION = YES;
				CLANG_WARN_DOCUMENTATION_COMMENTS = YES;
				CLANG_WARN_EMPTY_BODY = YES;
				CLANG_WARN_ENUM_CONVERSION = YES;
				CLANG_WARN_IMPLICIT_SIGN_CONVERSION = YES;
				CLANG_WARN_INT_CONVERSION = YES;
				CLANG_WARN_SUSPICIOUS_IMPLICIT_CONVERSION = YES;
				CLANG_WARN_UNREACHABLE_CODE = YES;
				COMBINE_HIDPI_IMAGES = YES;
				COPY_PHASE_STRIP = NO;
				ENABLE_TESTABILITY = YES;
				GCC_C_LANGUAGE_STANDARD = ansi;
				GCC_DYNAMIC_NO_PIC = NO;
				GCC_OPTIMIZATION_LEVEL = 0;
				GCC_PREPROCESSOR_DEFINITIONS = (
					"DEBUG=1",
					"$(inherited)",
				);
				GCC_SYMBOLS_PRIVATE_EXTERN = NO;
				GCC_WARN_64_TO_32_BIT_CONVERSION = YES;
				GCC_WARN_ABOUT_MISSING_FIELD_INITIALIZERS = YES;
				GCC_WARN_ABOUT_MISSING_NEWLINE = YES;
				GCC_WARN_ABOUT_MISSING_PROTOTYPES = YES;
				GCC_WARN_ABOUT_RETURN_TYPE = YES_ERROR;
				GCC_WARN_FOUR_CHARACTER_CONSTANTS = YES;
				GCC_WARN_INITIALIZER_NOT_FULLY_BRACKETED = YES;
				GCC_WARN_SHADOW = YES;
				GCC_WARN_SIGN_COMPARE = YES;
				GCC_WARN_UNINITIALIZED_AUTOS = YES_AGGRESSIVE;
				GCC_WARN_UNUSED_FUNCTION = YES;
				GCC_WARN_UNUSED_LABEL = YES;
				GCC_WARN_UNUSED_PARAMETER = YES;
				GCC_WARN_UNUSED_VARIABLE = YES;
				HEADER_SEARCH_PATHS = "$(inherited)";
				IPHONEOS_DEPLOYMENT_TARGET = 6.0;
				MACOSX_DEPLOYMENT_TARGET = 10.7;
				ONLY_ACTIVE_ARCH = YES;
				OTHER_CFLAGS = "-pedantic";
				PRIVATE_HEADERS_FOLDER_PATH = SheenBidi/Source;
				PRODUCT_NAME = SheenBidi;
				PUBLIC_HEADERS_FOLDER_PATH = SheenBidi;
			};
			name = Debug;
		};
		6E9C29B61B99DB0E007FC446 /* Release */ = {
			isa = XCBuildConfiguration;
			buildSettings = {
				ALWAYS_SEARCH_USER_PATHS = NO;
				CLANG_ENABLE_MODULES = YES;
				CLANG_WARN_ASSIGN_ENUM = YES;
				CLANG_WARN_BOOL_CONVERSION = YES;
				CLANG_WARN_CONSTANT_CONVERSION = YES;
				CLANG_WARN_DOCUMENTATION_COMMENTS = YES;
				CLANG_WARN_EMPTY_BODY = YES;
				CLANG_WARN_ENUM_CONVERSION = YES;
				CLANG_WARN_IMPLICIT_SIGN_CONVERSION = YES;
				CLANG_WARN_INT_CONVERSION = YES;
				CLANG_WARN_SUSPICIOUS_IMPLICIT_CONVERSION = YES;
				CLANG_WARN_UNREACHABLE_CODE = YES;
				COMBINE_HIDPI_IMAGES = YES;
				COPY_PHASE_STRIP = YES;
				GCC_C_LANGUAGE_STANDARD = ansi;
				GCC_WARN_64_TO_32_BIT_CONVERSION = YES;
				GCC_WARN_ABOUT_MISSING_FIELD_INITIALIZERS = YES;
				GCC_WARN_ABOUT_MISSING_NEWLINE = YES;
				GCC_WARN_ABOUT_MISSING_PROTOTYPES = YES;
				GCC_WARN_ABOUT_RETURN_TYPE = YES_ERROR;
				GCC_WARN_FOUR_CHARACTER_CONSTANTS = YES;
				GCC_WARN_INITIALIZER_NOT_FULLY_BRACKETED = YES;
				GCC_WARN_SHADOW = YES;
				GCC_WARN_SIGN_COMPARE = YES;
				GCC_WARN_UNINITIALIZED_AUTOS = YES_AGGRESSIVE;
				GCC_WARN_UNUSED_FUNCTION = YES;
				GCC_WARN_UNUSED_LABEL = YES;
				GCC_WARN_UNUSED_PARAMETER = YES;
				GCC_WARN_UNUSED_VARIABLE = YES;
				HEADER_SEARCH_PATHS = "$(inherited)";
				IPHONEOS_DEPLOYMENT_TARGET = 6.0;
				MACOSX_DEPLOYMENT_TARGET = 10.7;
				OTHER_CFLAGS = "-pedantic";
				PRIVATE_HEADERS_FOLDER_PATH = SheenBidi/Source;
				PRODUCT_NAME = SheenBidi;
				PUBLIC_HEADERS_FOLDER_PATH = SheenBidi;
				VALIDATE_PRODUCT = YES;
			};
			name = Release;
		};
		6E9C29B81B99DB0E007FC446 /* Debug */ = {
			isa = XCBuildConfiguration;
			buildSettings = {
				LIBRARY_SEARCH_PATHS = (
					"$(inherited)",
					"/Volumes/iPersonal/Tehreer/FreeType/build/Debug-iphoneos",
				);
				PRODUCT_NAME = SheenBidi;
				SDKROOT = iphoneos;
				SKIP_INSTALL = YES;
			};
			name = Debug;
		};
		6E9C29B91B99DB0E007FC446 /* Release */ = {
			isa = XCBuildConfiguration;
			buildSettings = {
				LIBRARY_SEARCH_PATHS = (
					"$(inherited)",
					"/Volumes/iPersonal/Tehreer/FreeType/build/Debug-iphoneos",
				);
				PRODUCT_NAME = SheenBidi;
				SDKROOT = iphoneos;
				SKIP_INSTALL = YES;
			};
			name = Release;
		};
		6EC153F71C2E583900A84A7D /* Debug */ = {
			isa = XCBuildConfiguration;
			buildSettings = {
				LIBRARY_SEARCH_PATHS = (
					"$(inherited)",
					/Volumes/iPersonal/Tehreer/FreeType/build/Debug,
				);
				PRODUCT_NAME = SheenBidi;
				SDKROOT = macosx;
				SKIP_INSTALL = YES;
			};
			name = Debug;
		};
		6EC153F81C2E583900A84A7D /* Release */ = {
			isa = XCBuildConfiguration;
			buildSettings = {
				LIBRARY_SEARCH_PATHS = (
					"$(inherited)",
					/Volumes/iPersonal/Tehreer/FreeType/build/Debug,
				);
				PRODUCT_NAME = SheenBidi;
				SDKROOT = macosx;
				SKIP_INSTALL = YES;
			};
			name = Release;
		};
/* End XCBuildConfiguration section */

/* Begin XCConfigurationList section */
		6E9C299E1B99DB0E007FC446 /* Build configuration list for PBXProject "SheenBidi" */ = {
			isa = XCConfigurationList;
			buildConfigurations = (
				6E9C29B51B99DB0E007FC446 /* Debug */,
				6E9C29B61B99DB0E007FC446 /* Release */,
			);
			defaultConfigurationIsVisible = 0;
			defaultConfigurationName = Release;
		};
		6E9C29B71B99DB0E007FC446 /* Build configuration list for PBXNativeTarget "SheenBidi-iOS" */ = {
			isa = XCConfigurationList;
			buildConfigurations = (
				6E9C29B81B99DB0E007FC446 /* Debug */,
				6E9C29B91B99DB0E007FC446 /* Release */,
			);
			defaultConfigurationIsVisible = 0;
			defaultConfigurationName = Release;
		};
		6EC153F61C2E583900A84A7D /* Build configuration list for PBXNativeTarget "SheenBidi-Mac" */ = {
			isa = XCConfigurationList;
			buildConfigurations = (
				6EC153F71C2E583900A84A7D /* Debug */,
				6EC153F81C2E583900A84A7D /* Release */,
			);
			defaultConfigurationIsVisible = 0;
			defaultConfigurationName = Release;
		};
/* End XCConfigurationList section */
	};
	rootObject = 6E9C299B1B99DB0E007FC446 /* Project object */;
}
